
Microsoft Visual Studio Solution File, Format Version 12.00
# Visual Studio Version 17
VisualStudioVersion = 17.9.34723.18
MinimumVisualStudioVersion = 10.0.40219.1
Project("{FAE04EC0-301F-11D3-BF4B-00C04F79EFBC}") = "mainProject", "mainProject.csproj", "{4CBED82C-3852-44C7-99CB-9E68ED0330B1}"
EndProject
Project("{FAE04EC0-301F-11D3-BF4B-00C04F79EFBC}") = "BusinessLayer", "..\BusinessLayer\BusinessLayer.csproj", "{6C5B4341-76DB-4235-8F51-425AF1FC36B6}"
EndProject
Project("{FAE04EC0-301F-11D3-BF4B-00C04F79EFBC}") = "RepositoryLayer", "..\RepositoryLayer\RepositoryLayer.csproj", "{F48AD19A-BB27-442E-8D84-81D92D1F6268}"
EndProject
Global
	GlobalSection(SolutionConfigurationPlatforms) = preSolution
		Debug|Any CPU = Debug|Any CPU
		Release|Any CPU = Release|Any CPU
	EndGlobalSection
	GlobalSection(ProjectConfigurationPlatforms) = postSolution
		{4CBED82C-3852-44C7-99CB-9E68ED0330B1}.Debug|Any CPU.ActiveCfg = Debug|Any CPU
		{4CBED82C-3852-44C7-99CB-9E68ED0330B1}.Debug|Any CPU.Build.0 = Debug|Any CPU
		{4CBED82C-3852-44C7-99CB-9E68ED0330B1}.Release|Any CPU.ActiveCfg = Release|Any CPU
		{4CBED82C-3852-44C7-99CB-9E68ED0330B1}.Release|Any CPU.Build.0 = Release|Any CPU
		{6C5B4341-76DB-4235-8F51-425AF1FC36B6}.Debug|Any CPU.ActiveCfg = Debug|Any CPU
		{6C5B4341-76DB-4235-8F51-425AF1FC36B6}.Debug|Any CPU.Build.0 = Debug|Any CPU
		{6C5B4341-76DB-4235-8F51-425AF1FC36B6}.Release|Any CPU.ActiveCfg = Release|Any CPU
		{6C5B4341-76DB-4235-8F51-425AF1FC36B6}.Release|Any CPU.Build.0 = Release|Any CPU
		{F48AD19A-BB27-442E-8D84-81D92D1F6268}.Debug|Any CPU.ActiveCfg = Debug|Any CPU
		{F48AD19A-BB27-442E-8D84-81D92D1F6268}.Debug|Any CPU.Build.0 = Debug|Any CPU
		{F48AD19A-BB27-442E-8D84-81D92D1F6268}.Release|Any CPU.ActiveCfg = Release|Any CPU
		{F48AD19A-BB27-442E-8D84-81D92D1F6268}.Release|Any CPU.Build.0 = Release|Any CPU
	EndGlobalSection
	GlobalSection(SolutionProperties) = preSolution
		HideSolutionNode = FALSE
	EndGlobalSection
	GlobalSection(ExtensibilityGlobals) = postSolution
		SolutionGuid = {7F7683D0-C28D-4B9D-B9DB-0EAABCAA7BBC}
	EndGlobalSection
EndGlobal
